<Solution>
  <Project Path="Orchestrator.Application/Orchestrator.Application.csproj" />
  <Project Path="Orchestrator.Application.Tests/Orchestrator.Application.Tests.csproj" />
  <Project Path="Orchestrator.Agents/Orchestrator.Agents.csproj" />
  <Project Path="Orchestrator.Agents.Tests/Orchestrator.Agents.Tests.csproj" />
  <Project Path="Orchestrator.Cli/Orchestrator.Cli.csproj" />
  <Project Path="Orchestrator.Cli.Tests/Orchestrator.Cli.Tests.csproj" />
  <Project Path="Orchestrator.GeneratedAppVerification/Orchestrator.GeneratedAppVerification.csproj" />
  <Project Path="Orchestrator.Domain/Orchestrator.Domain.csproj" />
  <Project Path="Orchestrator.Domain.Tests/Orchestrator.Domain.Tests.csproj" />
  <Project Path="Orchestrator.Lsp/Orchestrator.Lsp.csproj" />
  <Project Path="Orchestrator.Lsp.Tests/Orchestrator.Lsp.Tests.csproj" />
  <Project Path="Orchestrator.LspServer.ManualVerification/Orchestrator.LspServer.ManualVerification.csproj" />
  <Project Path="Orchestrator.LspServer.Tests/Orchestrator.LspServer.Tests.csproj" />
  <Project Path="Orchestrator.LspServer/Orchestrator.LspServer.csproj" />
  <Project Path="Orchestrator.Observability/Orchestrator.Observability.csproj" />
  <Project Path="Orchestrator.Runtime/Orchestrator.Runtime.csproj" />
  <Project Path="Orchestrator.Runtime.Tests/Orchestrator.Runtime.Tests.csproj" />
  <Project Path="Orchestrator.PipelineVerification/Orchestrator.PipelineVerification.csproj" />
  <Project Path="Orchestrator.Observability.Tests/Orchestrator.Observability.Tests.csproj" />
  <Project Path="Orchestrator.TestSupport/Orchestrator.TestSupport.csproj" />
</Solution>
